
Microsoft Visual Studio Solution File, Format Version 12.00
# Visual Studio Version 17
VisualStudioVersion = 17.0.31903.59
MinimumVisualStudioVersion = 10.0.40219.1
Project("{FAE04EC0-301F-11D3-BF4B-00C04F79EFBC}") = "API", "API\API.csproj", "{D80B59EE-6212-4E10-92FF-D3B432FFB27F}"
EndProject
Project("{FAE04EC0-301F-11D3-BF4B-00C04F79EFBC}") = "Application", "Application\Application.csproj", "{C721C739-7080-4EB7-B0CA-30C84EF4DDDF}"
EndProject
Project("{FAE04EC0-301F-11D3-BF4B-00C04F79EFBC}") = "Domain", "Domain\Domain.csproj", "{0363F270-56D7-4FD7-9F90-D3FE9051E07D}"
EndProject
Project("{FAE04EC0-301F-11D3-BF4B-00C04F79EFBC}") = "Persistence", "Persistence\Persistence.csproj", "{82001090-F64C-409B-86FE-4D0C08FD3A3F}"
EndProject
Global
	GlobalSection(SolutionConfigurationPlatforms) = preSolution
		Debug|Any CPU = Debug|Any CPU
		Release|Any CPU = Release|Any CPU
	EndGlobalSection
	GlobalSection(SolutionProperties) = preSolution
		HideSolutionNode = FALSE
	EndGlobalSection
	GlobalSection(ProjectConfigurationPlatforms) = postSolution
		{D80B59EE-6212-4E10-92FF-D3B432FFB27F}.Debug|Any CPU.ActiveCfg = Debug|Any CPU
		{D80B59EE-6212-4E10-92FF-D3B432FFB27F}.Debug|Any CPU.Build.0 = Debug|Any CPU
		{D80B59EE-6212-4E10-92FF-D3B432FFB27F}.Release|Any CPU.ActiveCfg = Release|Any CPU
		{D80B59EE-6212-4E10-92FF-D3B432FFB27F}.Release|Any CPU.Build.0 = Release|Any CPU
		{C721C739-7080-4EB7-B0CA-30C84EF4DDDF}.Debug|Any CPU.ActiveCfg = Debug|Any CPU
		{C721C739-7080-4EB7-B0CA-30C84EF4DDDF}.Debug|Any CPU.Build.0 = Debug|Any CPU
		{C721C739-7080-4EB7-B0CA-30C84EF4DDDF}.Release|Any CPU.ActiveCfg = Release|Any CPU
		{C721C739-7080-4EB7-B0CA-30C84EF4DDDF}.Release|Any CPU.Build.0 = Release|Any CPU
		{0363F270-56D7-4FD7-9F90-D3FE9051E07D}.Debug|Any CPU.ActiveCfg = Debug|Any CPU
		{0363F270-56D7-4FD7-9F90-D3FE9051E07D}.Debug|Any CPU.Build.0 = Debug|Any CPU
		{0363F270-56D7-4FD7-9F90-D3FE9051E07D}.Release|Any CPU.ActiveCfg = Release|Any CPU
		{0363F270-56D7-4FD7-9F90-D3FE9051E07D}.Release|Any CPU.Build.0 = Release|Any CPU
		{82001090-F64C-409B-86FE-4D0C08FD3A3F}.Debug|Any CPU.ActiveCfg = Debug|Any CPU
		{82001090-F64C-409B-86FE-4D0C08FD3A3F}.Debug|Any CPU.Build.0 = Debug|Any CPU
		{82001090-F64C-409B-86FE-4D0C08FD3A3F}.Release|Any CPU.ActiveCfg = Release|Any CPU
		{82001090-F64C-409B-86FE-4D0C08FD3A3F}.Release|Any CPU.Build.0 = Release|Any CPU
	EndGlobalSection
EndGlobal
